
Microsoft Visual Studio Solution File, Format Version 12.00
# Visual Studio Version 16
VisualStudioVersion = 16.0.29409.12
MinimumVisualStudioVersion = 10.0.40219.1
Project("{9A19103F-16F7-4668-BE54-9A1E7A4F7556}") = "CourseCatalog.API", "CourseCatalog.api\CourseCatalog.API.csproj", "{B64E46DE-47EA-4210-A379-D62BF4E19D59}"
EndProject
Project("{9A19103F-16F7-4668-BE54-9A1E7A4F7556}") = "CourseCatalog.DAL", "DataLayer\CourseCatalog.DAL.csproj", "{109CFFB6-79D2-4355-8D5B-B0639DB7D435}"
EndProject
Global
	GlobalSection(SolutionConfigurationPlatforms) = preSolution
		Debug|Any CPU = Debug|Any CPU
		Release|Any CPU = Release|Any CPU
	EndGlobalSection
	GlobalSection(ProjectConfigurationPlatforms) = postSolution
		{B64E46DE-47EA-4210-A379-D62BF4E19D59}.Debug|Any CPU.ActiveCfg = Debug|Any CPU
		{B64E46DE-47EA-4210-A379-D62BF4E19D59}.Debug|Any CPU.Build.0 = Debug|Any CPU
		{B64E46DE-47EA-4210-A379-D62BF4E19D59}.Release|Any CPU.ActiveCfg = Release|Any CPU
		{B64E46DE-47EA-4210-A379-D62BF4E19D59}.Release|Any CPU.Build.0 = Release|Any CPU
		{109CFFB6-79D2-4355-8D5B-B0639DB7D435}.Debug|Any CPU.ActiveCfg = Debug|Any CPU
		{109CFFB6-79D2-4355-8D5B-B0639DB7D435}.Debug|Any CPU.Build.0 = Debug|Any CPU
		{109CFFB6-79D2-4355-8D5B-B0639DB7D435}.Release|Any CPU.ActiveCfg = Release|Any CPU
		{109CFFB6-79D2-4355-8D5B-B0639DB7D435}.Release|Any CPU.Build.0 = Release|Any CPU
	EndGlobalSection
	GlobalSection(SolutionProperties) = preSolution
		HideSolutionNode = FALSE
	EndGlobalSection
	GlobalSection(ExtensibilityGlobals) = postSolution
		SolutionGuid = {494CB9FA-4C49-4FC5-A975-B2DAE07243C5}
	EndGlobalSection
EndGlobal
